{
  "name": "homebridge-salus-it600-gateway",
  "version": "1.1.11",
  "lockfileVersion": 2,
  "requires": true,
  "packages": {
    "": {
      "version": "1.1.11",
      "license": "ISC",
      "dependencies": {
        "salus-it600-pack": "^1.1.2"
      },
      "devDependencies": {},
      "engines": {
        "homebridge": ">=0.2.5",
        "node": ">=10.0.0"
      }
    },
    "node_modules/fast-json-parse": {
      "version": "1.0.3",
      "resolved": "https://registry.npmjs.org/fast-json-parse/-/fast-json-parse-1.0.3.tgz",
      "integrity": "sha512-FRWsaZRWEJ1ESVNbDWmsAlqDk96gPQezzLghafp5J4GUKjbCz3OkAHuZs5TuPEtkbVQERysLp9xv6c24fBm8Aw=="
    },
    "node_modules/salus-it600-pack": {
      "version": "1.1.2",
      "resolved": "https://registry.npmjs.org/salus-it600-pack/-/salus-it600-pack-1.1.2.tgz",
      "integrity": "sha512-QnQaSI/0Kebh1Tx70ovIkm7IeefYc2701iynsLffbRI4RtX0rI2ygzhUINZr9/B2GWtbZYebfc+eoG3NiJ1EUg==",
      "dependencies": {
        "fast-json-parse": "^1.0.3"
      }
    }
  },
  "dependencies": {
    "fast-json-parse": {
      "version": "1.0.3",
      "resolved": "https://registry.npmjs.org/fast-json-parse/-/fast-json-parse-1.0.3.tgz",
      "integrity": "sha512-FRWsaZRWEJ1ESVNbDWmsAlqDk96gPQezzLghafp5J4GUKjbCz3OkAHuZs5TuPEtkbVQERysLp9xv6c24fBm8Aw=="
    },
    "salus-it600-pack": {
      "version": "1.1.2",
      "resolved": "https://registry.npmjs.org/salus-it600-pack/-/salus-it600-pack-1.1.2.tgz",
      "integrity": "sha512-QnQaSI/0Kebh1Tx70ovIkm7IeefYc2701iynsLffbRI4RtX0rI2ygzhUINZr9/B2GWtbZYebfc+eoG3NiJ1EUg==",
      "requires": {
        "fast-json-parse": "^1.0.3"
      }
    }
  }
}
