{
  "name": "homebridge-salus-it600-gateway",
  "version": "1.0.0",
  "lockfileVersion": 2,
  "requires": true,
  "packages": {
    "": {
      "version": "1.0.0",
      "license": "ISC",
      "dependencies": {
        "salus-it600-pack": "^1.0.2"
      },
      "engines": {
        "homebridge": ">=0.2.5",
        "node": ">=10.0.0"
      }
    },
    "node_modules/salus-it600-pack": {
      "version": "1.0.2",
      "resolved": "https://registry.npmjs.org/salus-it600-pack/-/salus-it600-pack-1.0.2.tgz",
      "integrity": "sha512-P12kcufSd5+PGSxqmh+yHcitNECy5UW2JHbsVhgWeCJcxs29cFr9jbYY5cDJOqFPbuKLQWWeRiHaTF1i0GuxEw==",
      "dependencies": {
        "salus-it600-pack": "^1.0.2"
      }
    }
  },
  "dependencies": {
    "salus-it600-pack": {
      "version": "1.0.2",
      "resolved": "https://registry.npmjs.org/salus-it600-pack/-/salus-it600-pack-1.0.2.tgz",
      "integrity": "sha512-P12kcufSd5+PGSxqmh+yHcitNECy5UW2JHbsVhgWeCJcxs29cFr9jbYY5cDJOqFPbuKLQWWeRiHaTF1i0GuxEw==",
      "requires": {
        "salus-it600-pack": "^1.0.2"
      }
    }
  }
}
